{
  "requires": true,
  "lockfileVersion": 1,
  "dependencies": {
    "vue": {
      "version": "2.5.16",
      "resolved": "https://registry.npmjs.org/vue/-/vue-2.5.16.tgz",
      "integrity": "sha512-/ffmsiVuPC8PsWcFkZngdpas19ABm5mh2wA7iDqcltyCTwlgZjHGeJYOXkBMo422iPwIcviOtrTCUpSfXmToLQ=="
    },
    "vue2-autocomplete-js": {
      "version": "0.2.2",
      "resolved": "https://registry.npmjs.org/vue2-autocomplete-js/-/vue2-autocomplete-js-0.2.2.tgz",
      "integrity": "sha1-t6GILZeMsJJbuHjV6g3UdVomH5U=",
      "requires": {
        "vue": "2.5.16"
      }
    }
  }
}
